
Microsoft Visual Studio Solution File, Format Version 12.00
# Visual Studio Version 17
VisualStudioVersion = 17.10.35027.167
MinimumVisualStudioVersion = 10.0.40219.1
Project("{FAE04EC0-301F-11D3-BF4B-00C04F79EFBC}") = "WindowsFormsApp1_estados", "WindowsFormsApp1_estados\WindowsFormsApp1_estados.csproj", "{5178457A-3AFE-4E0A-9537-15C4FDB1120F}"
EndProject
Global
	GlobalSection(SolutionConfigurationPlatforms) = preSolution
		Debug|Any CPU = Debug|Any CPU
		Release|Any CPU = Release|Any CPU
	EndGlobalSection
	GlobalSection(ProjectConfigurationPlatforms) = postSolution
		{5178457A-3AFE-4E0A-9537-15C4FDB1120F}.Debug|Any CPU.ActiveCfg = Debug|Any CPU
		{5178457A-3AFE-4E0A-9537-15C4FDB1120F}.Debug|Any CPU.Build.0 = Debug|Any CPU
		{5178457A-3AFE-4E0A-9537-15C4FDB1120F}.Release|Any CPU.ActiveCfg = Release|Any CPU
		{5178457A-3AFE-4E0A-9537-15C4FDB1120F}.Release|Any CPU.Build.0 = Release|Any CPU
	EndGlobalSection
	GlobalSection(SolutionProperties) = preSolution
		HideSolutionNode = FALSE
	EndGlobalSection
	GlobalSection(ExtensibilityGlobals) = postSolution
		SolutionGuid = {DBBFCD17-2722-46F0-A536-3E4BE59C22F0}
	EndGlobalSection
EndGlobal
